
Microsoft Visual Studio Solution File, Format Version 12.00
# Visual Studio Version 16
VisualStudioVersion = 16.0.31702.278
MinimumVisualStudioVersion = 10.0.40219.1
Project("{FAE04EC0-301F-11D3-BF4B-00C04F79EFBC}") = "WebAPIClient", "WebAPIClient\WebAPIClient.csproj", "{65348A39-0225-4DE5-98E8-01DFC33D96B8}"
EndProject
Global
	GlobalSection(SolutionConfigurationPlatforms) = preSolution
		Debug|Any CPU = Debug|Any CPU
		Release|Any CPU = Release|Any CPU
	EndGlobalSection
	GlobalSection(ProjectConfigurationPlatforms) = postSolution
		{65348A39-0225-4DE5-98E8-01DFC33D96B8}.Debug|Any CPU.ActiveCfg = Debug|Any CPU
		{65348A39-0225-4DE5-98E8-01DFC33D96B8}.Debug|Any CPU.Build.0 = Debug|Any CPU
		{65348A39-0225-4DE5-98E8-01DFC33D96B8}.Release|Any CPU.ActiveCfg = Release|Any CPU
		{65348A39-0225-4DE5-98E8-01DFC33D96B8}.Release|Any CPU.Build.0 = Release|Any CPU
	EndGlobalSection
	GlobalSection(SolutionProperties) = preSolution
		HideSolutionNode = FALSE
	EndGlobalSection
	GlobalSection(ExtensibilityGlobals) = postSolution
		SolutionGuid = {4485E521-D826-47AB-903C-ED6D64D3E869}
	EndGlobalSection
EndGlobal
